
Microsoft Visual Studio Solution File, Format Version 11.00
# Visual Studio 2010
Project("{8BC9CEB8-8B4A-11D0-8D11-00A0C91BC942}") = "Stack_AYA_Linked", "Stack_AYA_Linked\Stack_AYA_Linked.vcxproj", "{E85C0F29-A33A-494B-B62D-8514275ACC3C}"
EndProject
Global
	GlobalSection(SolutionConfigurationPlatforms) = preSolution
		Debug|Win32 = Debug|Win32
		Release|Win32 = Release|Win32
	EndGlobalSection
	GlobalSection(ProjectConfigurationPlatforms) = postSolution
		{E85C0F29-A33A-494B-B62D-8514275ACC3C}.Debug|Win32.ActiveCfg = Debug|Win32
		{E85C0F29-A33A-494B-B62D-8514275ACC3C}.Debug|Win32.Build.0 = Debug|Win32
		{E85C0F29-A33A-494B-B62D-8514275ACC3C}.Release|Win32.ActiveCfg = Release|Win32
		{E85C0F29-A33A-494B-B62D-8514275ACC3C}.Release|Win32.Build.0 = Release|Win32
	EndGlobalSection
	GlobalSection(SolutionProperties) = preSolution
		HideSolutionNode = FALSE
	EndGlobalSection
EndGlobal
